
Microsoft Visual Studio Solution File, Format Version 12.00
# Visual Studio 14
VisualStudioVersion = 14.0.25420.1
MinimumVisualStudioVersion = 10.0.40219.1
Project("{D954291E-2A0B-460D-934E-DC6B0785DB48}") = "AsyncLibShared", "AsyncLibShared\AsyncLibShared.shproj", "{857E06C7-3795-4089-80E5-8E8CD16A1331}"
EndProject
Project("{FAE04EC0-301F-11D3-BF4B-00C04F79EFBC}") = "AsyncLib.Net", "AsyncLib.Net\AsyncLib.Net.csproj", "{E8E02462-53D6-4F81-B1B4-9B46D3BFD2F0}"
EndProject
Project("{FAE04EC0-301F-11D3-BF4B-00C04F79EFBC}") = "AsyncLib.Portable", "AsyncLib.Portable\AsyncLib.Portable.csproj", "{F531EBBB-5302-4A3F-98EB-09EBF585E2E6}"
EndProject
Project("{8BB2217D-0F2D-49D1-97BC-3654ED321F3B}") = "AsyncLib.Core", "AsyncLib.Core\AsyncLib.Core.xproj", "{6F16C085-01D9-425E-BD5D-A93687008352}"
EndProject
Project("{FAE04EC0-301F-11D3-BF4B-00C04F79EFBC}") = "AsyncLib.Net.Tests", "AsyncLib.Tests\AsyncLib.Net.Tests.csproj", "{D309CA02-481C-4E4F-A793-14AEBFB7B7E0}"
EndProject
Global
	GlobalSection(SharedMSBuildProjectFiles) = preSolution
		AsyncLibShared\AsyncLibShared.projitems*{857e06c7-3795-4089-80e5-8e8cd16a1331}*SharedItemsImports = 13
		AsyncLibShared\AsyncLibShared.projitems*{e8e02462-53d6-4f81-b1b4-9b46d3bfd2f0}*SharedItemsImports = 4
		AsyncLibShared\AsyncLibShared.projitems*{f531ebbb-5302-4a3f-98eb-09ebf585e2e6}*SharedItemsImports = 4
	EndGlobalSection
	GlobalSection(SolutionConfigurationPlatforms) = preSolution
		Debug|Any CPU = Debug|Any CPU
		Release|Any CPU = Release|Any CPU
	EndGlobalSection
	GlobalSection(ProjectConfigurationPlatforms) = postSolution
		{E8E02462-53D6-4F81-B1B4-9B46D3BFD2F0}.Debug|Any CPU.ActiveCfg = Debug|Any CPU
		{E8E02462-53D6-4F81-B1B4-9B46D3BFD2F0}.Debug|Any CPU.Build.0 = Debug|Any CPU
		{E8E02462-53D6-4F81-B1B4-9B46D3BFD2F0}.Release|Any CPU.ActiveCfg = Release|Any CPU
		{E8E02462-53D6-4F81-B1B4-9B46D3BFD2F0}.Release|Any CPU.Build.0 = Release|Any CPU
		{F531EBBB-5302-4A3F-98EB-09EBF585E2E6}.Debug|Any CPU.ActiveCfg = Debug|Any CPU
		{F531EBBB-5302-4A3F-98EB-09EBF585E2E6}.Debug|Any CPU.Build.0 = Debug|Any CPU
		{F531EBBB-5302-4A3F-98EB-09EBF585E2E6}.Release|Any CPU.ActiveCfg = Release|Any CPU
		{F531EBBB-5302-4A3F-98EB-09EBF585E2E6}.Release|Any CPU.Build.0 = Release|Any CPU
		{6F16C085-01D9-425E-BD5D-A93687008352}.Debug|Any CPU.ActiveCfg = Debug|Any CPU
		{6F16C085-01D9-425E-BD5D-A93687008352}.Debug|Any CPU.Build.0 = Debug|Any CPU
		{6F16C085-01D9-425E-BD5D-A93687008352}.Release|Any CPU.ActiveCfg = Release|Any CPU
		{6F16C085-01D9-425E-BD5D-A93687008352}.Release|Any CPU.Build.0 = Release|Any CPU
		{D309CA02-481C-4E4F-A793-14AEBFB7B7E0}.Debug|Any CPU.ActiveCfg = Debug|Any CPU
		{D309CA02-481C-4E4F-A793-14AEBFB7B7E0}.Debug|Any CPU.Build.0 = Debug|Any CPU
		{D309CA02-481C-4E4F-A793-14AEBFB7B7E0}.Release|Any CPU.ActiveCfg = Release|Any CPU
		{D309CA02-481C-4E4F-A793-14AEBFB7B7E0}.Release|Any CPU.Build.0 = Release|Any CPU
	EndGlobalSection
	GlobalSection(SolutionProperties) = preSolution
		HideSolutionNode = FALSE
	EndGlobalSection
EndGlobal
